
Microsoft Visual Studio Solution File, Format Version 12.00
# Visual Studio Version 17
VisualStudioVersion = 17.9.34728.123
MinimumVisualStudioVersion = 10.0.40219.1
Project("{FAE04EC0-301F-11D3-BF4B-00C04F79EFBC}") = "REPASO", "REPASO\REPASO.csproj", "{1C0CD33E-3C52-4F44-ADE2-4E8C23F3409B}"
EndProject
Global
	GlobalSection(SolutionConfigurationPlatforms) = preSolution
		Debug|Any CPU = Debug|Any CPU
		Release|Any CPU = Release|Any CPU
	EndGlobalSection
	GlobalSection(ProjectConfigurationPlatforms) = postSolution
		{1C0CD33E-3C52-4F44-ADE2-4E8C23F3409B}.Debug|Any CPU.ActiveCfg = Debug|Any CPU
		{1C0CD33E-3C52-4F44-ADE2-4E8C23F3409B}.Debug|Any CPU.Build.0 = Debug|Any CPU
		{1C0CD33E-3C52-4F44-ADE2-4E8C23F3409B}.Release|Any CPU.ActiveCfg = Release|Any CPU
		{1C0CD33E-3C52-4F44-ADE2-4E8C23F3409B}.Release|Any CPU.Build.0 = Release|Any CPU
	EndGlobalSection
	GlobalSection(SolutionProperties) = preSolution
		HideSolutionNode = FALSE
	EndGlobalSection
	GlobalSection(ExtensibilityGlobals) = postSolution
		SolutionGuid = {C448C181-A9B6-40BE-B66E-D06CB0704FCA}
	EndGlobalSection
EndGlobal
